
Microsoft Visual Studio Solution File, Format Version 11.00
# Visual Studio 2010
Project("{FAE04EC0-301F-11D3-BF4B-00C04F79EFBC}") = "br.com.lassal.Agenda.PM", "br.com.lassal.agenda.pm\br.com.lassal.Agenda.PM.csproj", "{A455D06E-5689-446A-8699-E3728FC8D98A}"
EndProject
Project("{FAE04EC0-301F-11D3-BF4B-00C04F79EFBC}") = "br.com.lassal.Agenda.Business", "br.com.lassal.Agenda.Business\br.com.lassal.Agenda.Business.csproj", "{482D5241-BD7C-4549-90FB-2DA87C0E712B}"
EndProject
Project("{FAE04EC0-301F-11D3-BF4B-00C04F79EFBC}") = "br.com.lassal.Agenda.Data", "br.com.lassal.Agenda.Data\br.com.lassal.Agenda.Data.csproj", "{CEDCADF1-9851-4B2B-8E1D-EDD0B99A13BC}"
EndProject
Project("{FAE04EC0-301F-11D3-BF4B-00C04F79EFBC}") = "br.com.lassal.Agenda.Entity", "br.com.lassal.Agenda.Entity\br.com.lassal.Agenda.Entity.csproj", "{B80435E1-69D1-4FEE-AFBF-66EC193B382A}"
EndProject
Project("{FAE04EC0-301F-11D3-BF4B-00C04F79EFBC}") = "br.com.lassal.Agenda.WinForms", "br.com.lassal.Agenda.WinForms\br.com.lassal.Agenda.WinForms.csproj", "{019BA990-B840-4AF6-9483-7FB2C3E822E6}"
EndProject
Project("{FAE04EC0-301F-11D3-BF4B-00C04F79EFBC}") = "br.com.lassal.Agenda.Gtk", "br.com.lassal.Agenda.Gtk\br.com.lassal.Agenda.Gtk.csproj", "{8C325D5E-9AA8-40D7-AA5C-4DB6641FABE4}"
EndProject
Project("{FAE04EC0-301F-11D3-BF4B-00C04F79EFBC}") = "Test.br.com.lassal.Agenda", "Test.br.com.lassal.Agenda\Test.br.com.lassal.Agenda.csproj", "{92445CFD-BF42-4321-8503-4DC257A788ED}"
EndProject
Project("{2150E333-8FDC-42A3-9474-1A3956D46DE8}") = "Solution Items", "Solution Items", "{CDBCBF2C-A767-490A-AC66-C3A77F92EBFF}"
	ProjectSection(SolutionItems) = preProject
		Local.testsettings = Local.testsettings
		PresentationModel_Agenda.vsmdi = PresentationModel_Agenda.vsmdi
		TraceAndTestImpact.testsettings = TraceAndTestImpact.testsettings
	EndProjectSection
EndProject
Global
	GlobalSection(TestCaseManagementSettings) = postSolution
		CategoryFile = PresentationModel_Agenda.vsmdi
	EndGlobalSection
	GlobalSection(SolutionConfigurationPlatforms) = preSolution
		Debug|Any CPU = Debug|Any CPU
		Debug|Mixed Platforms = Debug|Mixed Platforms
		Debug|x86 = Debug|x86
		Release|Any CPU = Release|Any CPU
		Release|Mixed Platforms = Release|Mixed Platforms
		Release|x86 = Release|x86
	EndGlobalSection
	GlobalSection(ProjectConfigurationPlatforms) = postSolution
		{A455D06E-5689-446A-8699-E3728FC8D98A}.Debug|Any CPU.ActiveCfg = Debug|Any CPU
		{A455D06E-5689-446A-8699-E3728FC8D98A}.Debug|Any CPU.Build.0 = Debug|Any CPU
		{A455D06E-5689-446A-8699-E3728FC8D98A}.Debug|Mixed Platforms.ActiveCfg = Debug|Any CPU
		{A455D06E-5689-446A-8699-E3728FC8D98A}.Debug|Mixed Platforms.Build.0 = Debug|Any CPU
		{A455D06E-5689-446A-8699-E3728FC8D98A}.Debug|x86.ActiveCfg = Debug|Any CPU
		{A455D06E-5689-446A-8699-E3728FC8D98A}.Release|Any CPU.ActiveCfg = Release|Any CPU
		{A455D06E-5689-446A-8699-E3728FC8D98A}.Release|Any CPU.Build.0 = Release|Any CPU
		{A455D06E-5689-446A-8699-E3728FC8D98A}.Release|Mixed Platforms.ActiveCfg = Release|Any CPU
		{A455D06E-5689-446A-8699-E3728FC8D98A}.Release|Mixed Platforms.Build.0 = Release|Any CPU
		{A455D06E-5689-446A-8699-E3728FC8D98A}.Release|x86.ActiveCfg = Release|Any CPU
		{482D5241-BD7C-4549-90FB-2DA87C0E712B}.Debug|Any CPU.ActiveCfg = Debug|Any CPU
		{482D5241-BD7C-4549-90FB-2DA87C0E712B}.Debug|Any CPU.Build.0 = Debug|Any CPU
		{482D5241-BD7C-4549-90FB-2DA87C0E712B}.Debug|Mixed Platforms.ActiveCfg = Debug|Any CPU
		{482D5241-BD7C-4549-90FB-2DA87C0E712B}.Debug|Mixed Platforms.Build.0 = Debug|Any CPU
		{482D5241-BD7C-4549-90FB-2DA87C0E712B}.Debug|x86.ActiveCfg = Debug|Any CPU
		{482D5241-BD7C-4549-90FB-2DA87C0E712B}.Release|Any CPU.ActiveCfg = Release|Any CPU
		{482D5241-BD7C-4549-90FB-2DA87C0E712B}.Release|Any CPU.Build.0 = Release|Any CPU
		{482D5241-BD7C-4549-90FB-2DA87C0E712B}.Release|Mixed Platforms.ActiveCfg = Release|Any CPU
		{482D5241-BD7C-4549-90FB-2DA87C0E712B}.Release|Mixed Platforms.Build.0 = Release|Any CPU
		{482D5241-BD7C-4549-90FB-2DA87C0E712B}.Release|x86.ActiveCfg = Release|Any CPU
		{CEDCADF1-9851-4B2B-8E1D-EDD0B99A13BC}.Debug|Any CPU.ActiveCfg = Debug|Any CPU
		{CEDCADF1-9851-4B2B-8E1D-EDD0B99A13BC}.Debug|Any CPU.Build.0 = Debug|Any CPU
		{CEDCADF1-9851-4B2B-8E1D-EDD0B99A13BC}.Debug|Mixed Platforms.ActiveCfg = Debug|Any CPU
		{CEDCADF1-9851-4B2B-8E1D-EDD0B99A13BC}.Debug|Mixed Platforms.Build.0 = Debug|Any CPU
		{CEDCADF1-9851-4B2B-8E1D-EDD0B99A13BC}.Debug|x86.ActiveCfg = Debug|Any CPU
		{CEDCADF1-9851-4B2B-8E1D-EDD0B99A13BC}.Release|Any CPU.ActiveCfg = Release|Any CPU
		{CEDCADF1-9851-4B2B-8E1D-EDD0B99A13BC}.Release|Any CPU.Build.0 = Release|Any CPU
		{CEDCADF1-9851-4B2B-8E1D-EDD0B99A13BC}.Release|Mixed Platforms.ActiveCfg = Release|Any CPU
		{CEDCADF1-9851-4B2B-8E1D-EDD0B99A13BC}.Release|Mixed Platforms.Build.0 = Release|Any CPU
		{CEDCADF1-9851-4B2B-8E1D-EDD0B99A13BC}.Release|x86.ActiveCfg = Release|Any CPU
		{B80435E1-69D1-4FEE-AFBF-66EC193B382A}.Debug|Any CPU.ActiveCfg = Debug|Any CPU
		{B80435E1-69D1-4FEE-AFBF-66EC193B382A}.Debug|Any CPU.Build.0 = Debug|Any CPU
		{B80435E1-69D1-4FEE-AFBF-66EC193B382A}.Debug|Mixed Platforms.ActiveCfg = Debug|Any CPU
		{B80435E1-69D1-4FEE-AFBF-66EC193B382A}.Debug|Mixed Platforms.Build.0 = Debug|Any CPU
		{B80435E1-69D1-4FEE-AFBF-66EC193B382A}.Debug|x86.ActiveCfg = Debug|Any CPU
		{B80435E1-69D1-4FEE-AFBF-66EC193B382A}.Release|Any CPU.ActiveCfg = Release|Any CPU
		{B80435E1-69D1-4FEE-AFBF-66EC193B382A}.Release|Any CPU.Build.0 = Release|Any CPU
		{B80435E1-69D1-4FEE-AFBF-66EC193B382A}.Release|Mixed Platforms.ActiveCfg = Release|Any CPU
		{B80435E1-69D1-4FEE-AFBF-66EC193B382A}.Release|Mixed Platforms.Build.0 = Release|Any CPU
		{B80435E1-69D1-4FEE-AFBF-66EC193B382A}.Release|x86.ActiveCfg = Release|Any CPU
		{019BA990-B840-4AF6-9483-7FB2C3E822E6}.Debug|Any CPU.ActiveCfg = Debug|x86
		{019BA990-B840-4AF6-9483-7FB2C3E822E6}.Debug|Mixed Platforms.ActiveCfg = Debug|x86
		{019BA990-B840-4AF6-9483-7FB2C3E822E6}.Debug|Mixed Platforms.Build.0 = Debug|x86
		{019BA990-B840-4AF6-9483-7FB2C3E822E6}.Debug|x86.ActiveCfg = Debug|x86
		{019BA990-B840-4AF6-9483-7FB2C3E822E6}.Debug|x86.Build.0 = Debug|x86
		{019BA990-B840-4AF6-9483-7FB2C3E822E6}.Release|Any CPU.ActiveCfg = Release|x86
		{019BA990-B840-4AF6-9483-7FB2C3E822E6}.Release|Mixed Platforms.ActiveCfg = Release|x86
		{019BA990-B840-4AF6-9483-7FB2C3E822E6}.Release|Mixed Platforms.Build.0 = Release|x86
		{019BA990-B840-4AF6-9483-7FB2C3E822E6}.Release|x86.ActiveCfg = Release|x86
		{019BA990-B840-4AF6-9483-7FB2C3E822E6}.Release|x86.Build.0 = Release|x86
		{8C325D5E-9AA8-40D7-AA5C-4DB6641FABE4}.Debug|Any CPU.ActiveCfg = Debug|x86
		{8C325D5E-9AA8-40D7-AA5C-4DB6641FABE4}.Debug|Mixed Platforms.ActiveCfg = Debug|x86
		{8C325D5E-9AA8-40D7-AA5C-4DB6641FABE4}.Debug|Mixed Platforms.Build.0 = Debug|x86
		{8C325D5E-9AA8-40D7-AA5C-4DB6641FABE4}.Debug|x86.ActiveCfg = Debug|x86
		{8C325D5E-9AA8-40D7-AA5C-4DB6641FABE4}.Debug|x86.Build.0 = Debug|x86
		{8C325D5E-9AA8-40D7-AA5C-4DB6641FABE4}.Release|Any CPU.ActiveCfg = Release|x86
		{8C325D5E-9AA8-40D7-AA5C-4DB6641FABE4}.Release|Mixed Platforms.ActiveCfg = Release|x86
		{8C325D5E-9AA8-40D7-AA5C-4DB6641FABE4}.Release|Mixed Platforms.Build.0 = Release|x86
		{8C325D5E-9AA8-40D7-AA5C-4DB6641FABE4}.Release|x86.ActiveCfg = Release|x86
		{8C325D5E-9AA8-40D7-AA5C-4DB6641FABE4}.Release|x86.Build.0 = Release|x86
		{92445CFD-BF42-4321-8503-4DC257A788ED}.Debug|Any CPU.ActiveCfg = Debug|Any CPU
		{92445CFD-BF42-4321-8503-4DC257A788ED}.Debug|Any CPU.Build.0 = Debug|Any CPU
		{92445CFD-BF42-4321-8503-4DC257A788ED}.Debug|Mixed Platforms.ActiveCfg = Debug|Any CPU
		{92445CFD-BF42-4321-8503-4DC257A788ED}.Debug|Mixed Platforms.Build.0 = Debug|Any CPU
		{92445CFD-BF42-4321-8503-4DC257A788ED}.Debug|x86.ActiveCfg = Debug|Any CPU
		{92445CFD-BF42-4321-8503-4DC257A788ED}.Release|Any CPU.ActiveCfg = Release|Any CPU
		{92445CFD-BF42-4321-8503-4DC257A788ED}.Release|Any CPU.Build.0 = Release|Any CPU
		{92445CFD-BF42-4321-8503-4DC257A788ED}.Release|Mixed Platforms.ActiveCfg = Release|Any CPU
		{92445CFD-BF42-4321-8503-4DC257A788ED}.Release|Mixed Platforms.Build.0 = Release|Any CPU
		{92445CFD-BF42-4321-8503-4DC257A788ED}.Release|x86.ActiveCfg = Release|Any CPU
	EndGlobalSection
	GlobalSection(SolutionProperties) = preSolution
		HideSolutionNode = FALSE
	EndGlobalSection
	GlobalSection(MonoDevelopProperties) = preSolution
		StartupItem = br.com.lassal.Agenda.Gtk\br.com.lassal.Agenda.Gtk.csproj
	EndGlobalSection
EndGlobal
